{
    "_readme": [
        "This file locks the dependencies of your project to a known state",
        "Read more about it at https://getcomposer.org/doc/01-basic-usage.md#installing-dependencies",
        "This file is @generated automatically"
    ],
    "content-hash": "437d14abe31f3853971ed5dab38c513d",
    "packages": [],
    "packages-dev": [],
    "aliases": [],
    "minimum-stability": "stable",
    "stability-flags": {},
    "prefer-stable": false,
    "prefer-lowest": false,
    "platform": {
        "php": ">=8.1",
        "ext-pdo": "*",
        "ext-pdo_mysql": "*",
        "ext-mbstring": "*",
        "ext-gd": "*",
        "ext-json": "*",
        "ext-filter": "*",
        "ext-session": "*",
        "ext-openssl": "*",
        "ext-curl": "*"
    },
    "platform-dev": {},
    "platform-overrides": {
        "php": "8.1.0"
    },
    "plugin-api-version": "2.6.0"
}
